
Microsoft Visual Studio Solution File, Format Version 12.00
# Visual Studio Version 17
VisualStudioVersion = 17.0.31903.59
MinimumVisualStudioVersion = 10.0.40219.1
Project("{9A19103F-16F7-4668-BE54-9A1E7A4F7556}") = "AlpsTrips.MVC", "AlpTrips.MVC\AlpsTrips.MVC.csproj", "{5343E474-DF2F-4B43-A793-8E322265A328}"
EndProject
Project("{FAE04EC0-301F-11D3-BF4B-00C04F79EFBC}") = "AlpTrips.Domain", "AlpTrips.Domain\AlpTrips.Domain.csproj", "{06026BF9-B69E-420C-88F2-E7867C3B0AB9}"
EndProject
Project("{FAE04EC0-301F-11D3-BF4B-00C04F79EFBC}") = "AlpTrips.Infrastructure", "AlpTrips.Infrastructure\AlpTrips.Infrastructure.csproj", "{CD1E9B3F-A4E8-4FD6-A6D1-7343CE8C6C65}"
EndProject
Project("{FAE04EC0-301F-11D3-BF4B-00C04F79EFBC}") = "AlpTrips.Application", "AlpTrips.Application\AlpTrips.Application.csproj", "{3C6C82FD-F7FC-46A4-A4BC-855F0920998F}"
EndProject
Global
	GlobalSection(SolutionConfigurationPlatforms) = preSolution
		Debug|Any CPU = Debug|Any CPU
		Release|Any CPU = Release|Any CPU
	EndGlobalSection
	GlobalSection(ProjectConfigurationPlatforms) = postSolution
		{5343E474-DF2F-4B43-A793-8E322265A328}.Debug|Any CPU.ActiveCfg = Debug|Any CPU
		{5343E474-DF2F-4B43-A793-8E322265A328}.Debug|Any CPU.Build.0 = Debug|Any CPU
		{5343E474-DF2F-4B43-A793-8E322265A328}.Release|Any CPU.ActiveCfg = Release|Any CPU
		{5343E474-DF2F-4B43-A793-8E322265A328}.Release|Any CPU.Build.0 = Release|Any CPU
		{06026BF9-B69E-420C-88F2-E7867C3B0AB9}.Debug|Any CPU.ActiveCfg = Debug|Any CPU
		{06026BF9-B69E-420C-88F2-E7867C3B0AB9}.Debug|Any CPU.Build.0 = Debug|Any CPU
		{06026BF9-B69E-420C-88F2-E7867C3B0AB9}.Release|Any CPU.ActiveCfg = Release|Any CPU
		{06026BF9-B69E-420C-88F2-E7867C3B0AB9}.Release|Any CPU.Build.0 = Release|Any CPU
		{CD1E9B3F-A4E8-4FD6-A6D1-7343CE8C6C65}.Debug|Any CPU.ActiveCfg = Debug|Any CPU
		{CD1E9B3F-A4E8-4FD6-A6D1-7343CE8C6C65}.Debug|Any CPU.Build.0 = Debug|Any CPU
		{CD1E9B3F-A4E8-4FD6-A6D1-7343CE8C6C65}.Release|Any CPU.ActiveCfg = Release|Any CPU
		{CD1E9B3F-A4E8-4FD6-A6D1-7343CE8C6C65}.Release|Any CPU.Build.0 = Release|Any CPU
		{3C6C82FD-F7FC-46A4-A4BC-855F0920998F}.Debug|Any CPU.ActiveCfg = Debug|Any CPU
		{3C6C82FD-F7FC-46A4-A4BC-855F0920998F}.Debug|Any CPU.Build.0 = Debug|Any CPU
		{3C6C82FD-F7FC-46A4-A4BC-855F0920998F}.Release|Any CPU.ActiveCfg = Release|Any CPU
		{3C6C82FD-F7FC-46A4-A4BC-855F0920998F}.Release|Any CPU.Build.0 = Release|Any CPU
	EndGlobalSection
	GlobalSection(SolutionProperties) = preSolution
		HideSolutionNode = FALSE
	EndGlobalSection
	GlobalSection(ExtensibilityGlobals) = postSolution
		SolutionGuid = {56B5730C-1120-4ABB-9430-02398C35E67F}
	EndGlobalSection
EndGlobal
